
Microsoft Visual Studio Solution File, Format Version 12.00
# Visual Studio Version 16
VisualStudioVersion = 16.0.31624.102
MinimumVisualStudioVersion = 10.0.40219.1
Project("{FAE04EC0-301F-11D3-BF4B-00C04F79EFBC}") = "bai18", "bai18.csproj", "{337EF450-80DF-47D0-8734-CBA3DD44E4AB}"
EndProject
Global
	GlobalSection(SolutionConfigurationPlatforms) = preSolution
		Debug|Any CPU = Debug|Any CPU
		Release|Any CPU = Release|Any CPU
	EndGlobalSection
	GlobalSection(ProjectConfigurationPlatforms) = postSolution
		{337EF450-80DF-47D0-8734-CBA3DD44E4AB}.Debug|Any CPU.ActiveCfg = Debug|Any CPU
		{337EF450-80DF-47D0-8734-CBA3DD44E4AB}.Debug|Any CPU.Build.0 = Debug|Any CPU
		{337EF450-80DF-47D0-8734-CBA3DD44E4AB}.Release|Any CPU.ActiveCfg = Release|Any CPU
		{337EF450-80DF-47D0-8734-CBA3DD44E4AB}.Release|Any CPU.Build.0 = Release|Any CPU
	EndGlobalSection
	GlobalSection(SolutionProperties) = preSolution
		HideSolutionNode = FALSE
	EndGlobalSection
	GlobalSection(ExtensibilityGlobals) = postSolution
		SolutionGuid = {8D8799A3-2247-4FE4-B89D-E223E22A233A}
	EndGlobalSection
EndGlobal
